{
  "name": "dailyworking",
  "version": "1.0.0",
  "lockfileVersion": 1,
  "requires": true,
  "dependencies": {
    "@types/eslint": {
      "version": "7.28.0",
      "resolved": "https://registry.nlark.com/@types/eslint/download/@types/eslint-7.28.0.tgz",
      "integrity": "sha1-fkHySB0wHGjhT0g/4QsBd1POjVo=",
      "dev": true,
      "requires": {
        "@types/estree": "*",
        "@types/json-schema": "*"
      }
    },
    "@types/eslint-scope": {
      "version": "3.7.1",
      "resolved": "https://registry.nlark.com/@types/eslint-scope/download/@types/eslint-scope-3.7.1.tgz?cache=0&sync_timestamp=1625598848492&other_urls=https%3A%2F%2Fregistry.nlark.com%2F%40types%2Feslint-scope%2Fdownload%2F%40types%2Feslint-scope-3.7.1.tgz",
      "integrity": "sha1-jcOQp7T53Z8ShGKe/OmC5BYSEW4=",
      "dev": true,
      "requires": {
        "@types/eslint": "*",
        "@types/estree": "*"
      }
    },
    "@types/estree": {
      "version": "0.0.50",
      "resolved": "https://registry.nlark.com/@types/estree/download/@types/estree-0.0.50.tgz",
      "integrity": "sha1-Hgyqk2TT/M0pMcPtlv2+ql1MyoM=",
      "dev": true
    },
    "@types/json-schema": {
      "version": "7.0.8",
      "resolved": "https://registry.nlark.com/@types/json-schema/download/@types/json-schema-7.0.8.tgz?cache=0&sync_timestamp=1625608069156&other_urls=https%3A%2F%2Fregistry.nlark.com%2F%40types%2Fjson-schema%2Fdownload%2F%40types%2Fjson-schema-7.0.8.tgz",
      "integrity": "sha1-7fG/Hb9OBEE8qOWxezt9fVS1mBg=",
      "dev": true
    },
    "@types/node": {
      "version": "16.4.0",
      "resolved": "https://registry.nlark.com/@types/node/download/@types/node-16.4.0.tgz?cache=0&sync_timestamp=1626816954144&other_urls=https%3A%2F%2Fregistry.nlark.com%2F%40types%2Fnode%2Fdownload%2F%40types%2Fnode-16.4.0.tgz",
      "integrity": "sha1-LCGeqjuNHk0E9N1uQLxox0Z9UnI=",
      "dev": true
    },
    "@webassemblyjs/ast": {
      "version": "1.11.1",
      "resolved": "https://registry.nlark.com/@webassemblyjs/ast/download/@webassemblyjs/ast-1.11.1.tgz?cache=0&sync_timestamp=1625473459015&other_urls=https%3A%2F%2Fregistry.nlark.com%2F%40webassemblyjs%2Fast%2Fdownload%2F%40webassemblyjs%2Fast-1.11.1.tgz",
      "integrity": "sha1-K/12fq4aaZb0Mv9+jX/HVnnAtqc=",
      "dev": true,
      "requires": {
        "@webassemblyjs/helper-numbers": "1.11.1",
        "@webassemblyjs/helper-wasm-bytecode": "1.11.1"
      }
    },
    "@webassemblyjs/floating-point-hex-parser": {
      "version": "1.11.1",
      "resolved": "https://registry.nlark.com/@webassemblyjs/floating-point-hex-parser/download/@webassemblyjs/floating-point-hex-parser-1.11.1.tgz",
      "integrity": "sha1-9sYacF8P16auyqToGY8j2dwXnk8=",
      "dev": true
    },
    "@webassemblyjs/helper-api-error": {
      "version": "1.11.1",
      "resolved": "https://registry.nlark.com/@webassemblyjs/helper-api-error/download/@webassemblyjs/helper-api-error-1.11.1.tgz?cache=0&sync_timestamp=1625473346773&other_urls=https%3A%2F%2Fregistry.nlark.com%2F%40webassemblyjs%2Fhelper-api-error%2Fdownload%2F%40webassemblyjs%2Fhelper-api-error-1.11.1.tgz",
      "integrity": "sha1-GmMZLYeI5cASgAump6RscFKI/RY=",
      "dev": true
    },
    "@webassemblyjs/helper-buffer": {
      "version": "1.11.1",
      "resolved": "https://registry.nlark.com/@webassemblyjs/helper-buffer/download/@webassemblyjs/helper-buffer-1.11.1.tgz?cache=0&sync_timestamp=1625473344792&other_urls=https%3A%2F%2Fregistry.nlark.com%2F%40webassemblyjs%2Fhelper-buffer%2Fdownload%2F%40webassemblyjs%2Fhelper-buffer-1.11.1.tgz",
      "integrity": "sha1-gyqQDrREiEzemnytRn+BUA9eWrU=",
      "dev": true
    },
    "@webassemblyjs/helper-numbers": {
      "version": "1.11.1",
      "resolved": "https://registry.nlark.com/@webassemblyjs/helper-numbers/download/@webassemblyjs/helper-numbers-1.11.1.tgz?cache=0&sync_timestamp=1625473485159&other_urls=https%3A%2F%2Fregistry.nlark.com%2F%40webassemblyjs%2Fhelper-numbers%2Fdownload%2F%40webassemblyjs%2Fhelper-numbers-1.11.1.tgz",
      "integrity": "sha1-ZNgdohn7u6HjvRv8dPboxOEKYq4=",
      "dev": true,
      "requires": {
        "@webassemblyjs/floating-point-hex-parser": "1.11.1",
        "@webassemblyjs/helper-api-error": "1.11.1",
        "@xtuc/long": "4.2.2"
      }
    },
    "@webassemblyjs/helper-wasm-bytecode": {
      "version": "1.11.1",
      "resolved": "https://registry.nlark.com/@webassemblyjs/helper-wasm-bytecode/download/@webassemblyjs/helper-wasm-bytecode-1.11.1.tgz",
      "integrity": "sha1-8ygkHkHnsZnQsgwY6IQpxEMyleE=",
      "dev": true
    },
    "@webassemblyjs/helper-wasm-section": {
      "version": "1.11.1",
      "resolved": "https://registry.nlark.com/@webassemblyjs/helper-wasm-section/download/@webassemblyjs/helper-wasm-section-1.11.1.tgz?cache=0&sync_timestamp=1625473466570&other_urls=https%3A%2F%2Fregistry.nlark.com%2F%40webassemblyjs%2Fhelper-wasm-section%2Fdownload%2F%40webassemblyjs%2Fhelper-wasm-section-1.11.1.tgz",
      "integrity": "sha1-Ie4GWntjXzGec48N1zv72igcCXo=",
      "dev": true,
      "requires": {
        "@webassemblyjs/ast": "1.11.1",
        "@webassemblyjs/helper-buffer": "1.11.1",
        "@webassemblyjs/helper-wasm-bytecode": "1.11.1",
        "@webassemblyjs/wasm-gen": "1.11.1"
      }
    },
    "@webassemblyjs/ieee754": {
      "version": "1.11.1",
      "resolved": "https://registry.nlark.com/@webassemblyjs/ieee754/download/@webassemblyjs/ieee754-1.11.1.tgz",
      "integrity": "sha1-ljkp6bvQVwnn4SJDoJkYCBKZJhQ=",
      "dev": true,
      "requires": {
        "@xtuc/ieee754": "^1.2.0"
      }
    },
    "@webassemblyjs/leb128": {
      "version": "1.11.1",
      "resolved": "https://registry.nlark.com/@webassemblyjs/leb128/download/@webassemblyjs/leb128-1.11.1.tgz?cache=0&sync_timestamp=1625473342433&other_urls=https%3A%2F%2Fregistry.nlark.com%2F%40webassemblyjs%2Fleb128%2Fdownload%2F%40webassemblyjs%2Fleb128-1.11.1.tgz",
      "integrity": "sha1-zoFLRVdOk9drrh+yZEq5zdlSeqU=",
      "dev": true,
      "requires": {
        "@xtuc/long": "4.2.2"
      }
    },
    "@webassemblyjs/utf8": {
      "version": "1.11.1",
      "resolved": "https://registry.nlark.com/@webassemblyjs/utf8/download/@webassemblyjs/utf8-1.11.1.tgz",
      "integrity": "sha1-0fi3ZDaefG5rrjUOhU3smlnwo/8=",
      "dev": true
    },
    "@webassemblyjs/wasm-edit": {
      "version": "1.11.1",
      "resolved": "https://registry.nlark.com/@webassemblyjs/wasm-edit/download/@webassemblyjs/wasm-edit-1.11.1.tgz?cache=0&sync_timestamp=1625473463093&other_urls=https%3A%2F%2Fregistry.nlark.com%2F%40webassemblyjs%2Fwasm-edit%2Fdownload%2F%40webassemblyjs%2Fwasm-edit-1.11.1.tgz",
      "integrity": "sha1-rSBuv0v5WgWM6YgKjAksXeyBk9Y=",
      "dev": true,
      "requires": {
        "@webassemblyjs/ast": "1.11.1",
        "@webassemblyjs/helper-buffer": "1.11.1",
        "@webassemblyjs/helper-wasm-bytecode": "1.11.1",
        "@webassemblyjs/helper-wasm-section": "1.11.1",
        "@webassemblyjs/wasm-gen": "1.11.1",
        "@webassemblyjs/wasm-opt": "1.11.1",
        "@webassemblyjs/wasm-parser": "1.11.1",
        "@webassemblyjs/wast-printer": "1.11.1"
      }
    },
    "@webassemblyjs/wasm-gen": {
      "version": "1.11.1",
      "resolved": "https://registry.nlark.com/@webassemblyjs/wasm-gen/download/@webassemblyjs/wasm-gen-1.11.1.tgz?cache=0&sync_timestamp=1625473361759&other_urls=https%3A%2F%2Fregistry.nlark.com%2F%40webassemblyjs%2Fwasm-gen%2Fdownload%2F%40webassemblyjs%2Fwasm-gen-1.11.1.tgz",
      "integrity": "sha1-hsXqMEhJdZt9iMR6MvTwOa48j3Y=",
      "dev": true,
      "requires": {
        "@webassemblyjs/ast": "1.11.1",
        "@webassemblyjs/helper-wasm-bytecode": "1.11.1",
        "@webassemblyjs/ieee754": "1.11.1",
        "@webassemblyjs/leb128": "1.11.1",
        "@webassemblyjs/utf8": "1.11.1"
      }
    },
    "@webassemblyjs/wasm-opt": {
      "version": "1.11.1",
      "resolved": "https://registry.nlark.com/@webassemblyjs/wasm-opt/download/@webassemblyjs/wasm-opt-1.11.1.tgz?cache=0&sync_timestamp=1625473467198&other_urls=https%3A%2F%2Fregistry.nlark.com%2F%40webassemblyjs%2Fwasm-opt%2Fdownload%2F%40webassemblyjs%2Fwasm-opt-1.11.1.tgz",
      "integrity": "sha1-ZXtMIgL0zzs0X4pMZGHIwkGJhfI=",
      "dev": true,
      "requires": {
        "@webassemblyjs/ast": "1.11.1",
        "@webassemblyjs/helper-buffer": "1.11.1",
        "@webassemblyjs/wasm-gen": "1.11.1",
        "@webassemblyjs/wasm-parser": "1.11.1"
      }
    },
    "@webassemblyjs/wasm-parser": {
      "version": "1.11.1",
      "resolved": "https://registry.nlark.com/@webassemblyjs/wasm-parser/download/@webassemblyjs/wasm-parser-1.11.1.tgz?cache=0&sync_timestamp=1625473464593&other_urls=https%3A%2F%2Fregistry.nlark.com%2F%40webassemblyjs%2Fwasm-parser%2Fdownload%2F%40webassemblyjs%2Fwasm-parser-1.11.1.tgz",
      "integrity": "sha1-hspzRTT0F+m9PGfHocddi+QfsZk=",
      "dev": true,
      "requires": {
        "@webassemblyjs/ast": "1.11.1",
        "@webassemblyjs/helper-api-error": "1.11.1",
        "@webassemblyjs/helper-wasm-bytecode": "1.11.1",
        "@webassemblyjs/ieee754": "1.11.1",
        "@webassemblyjs/leb128": "1.11.1",
        "@webassemblyjs/utf8": "1.11.1"
      }
    },
    "@webassemblyjs/wast-printer": {
      "version": "1.11.1",
      "resolved": "https://registry.nlark.com/@webassemblyjs/wast-printer/download/@webassemblyjs/wast-printer-1.11.1.tgz",
      "integrity": "sha1-0Mc77ajuxUJvEK6O9VzuXnCEwvA=",
      "dev": true,
      "requires": {
        "@webassemblyjs/ast": "1.11.1",
        "@xtuc/long": "4.2.2"
      }
    },
    "@xtuc/ieee754": {
      "version": "1.2.0",
      "resolved": "https://registry.nlark.com/@xtuc/ieee754/download/@xtuc/ieee754-1.2.0.tgz",
      "integrity": "sha1-7vAUoxRa5Hehy8AM0eVSM23Ot5A=",
      "dev": true
    },
    "@xtuc/long": {
      "version": "4.2.2",
      "resolved": "https://registry.nlark.com/@xtuc/long/download/@xtuc/long-4.2.2.tgz",
      "integrity": "sha1-0pHGpOl5ibXGHZrPOWrk/hM6cY0=",
      "dev": true
    },
    "accepts": {
      "version": "1.3.7",
      "resolved": "https://registry.npmjs.org/accepts/-/accepts-1.3.7.tgz",
      "integrity": "sha512-Il80Qs2WjYlJIBNzNkK6KYqlVMTbZLXgHx2oT0pU/fjRHyEp+PEfEPY0R3WCwAGVOtauxh1hOxNgIf5bv7dQpA==",
      "requires": {
        "mime-types": "~2.1.24",
        "negotiator": "0.6.2"
      }
    },
    "acorn": {
      "version": "8.4.1",
      "resolved": "https://registry.nlark.com/acorn/download/acorn-8.4.1.tgz",
      "integrity": "sha1-VsNiUfx8q8cJatwY8Fr+gUMhoow=",
      "dev": true
    },
    "ajv": {
      "version": "6.12.6",
      "resolved": "https://registry.nlark.com/ajv/download/ajv-6.12.6.tgz?cache=0&sync_timestamp=1626380134544&other_urls=https%3A%2F%2Fregistry.nlark.com%2Fajv%2Fdownload%2Fajv-6.12.6.tgz",
      "integrity": "sha1-uvWmLoArB9l3A0WG+MO69a3ybfQ=",
      "dev": true,
      "requires": {
        "fast-deep-equal": "^3.1.1",
        "fast-json-stable-stringify": "^2.0.0",
        "json-schema-traverse": "^0.4.1",
        "uri-js": "^4.2.2"
      }
    },
    "ajv-keywords": {
      "version": "3.5.2",
      "resolved": "https://registry.npm.taobao.org/ajv-keywords/download/ajv-keywords-3.5.2.tgz",
      "integrity": "sha1-MfKdpatuANHC0yms97WSlhTVAU0=",
      "dev": true
    },
    "array-flatten": {
      "version": "1.1.1",
      "resolved": "https://registry.npmjs.org/array-flatten/-/array-flatten-1.1.1.tgz",
      "integrity": "sha1-ml9pkFGx5wczKPKgCJaLZOopVdI="
    },
    "bignumber.js": {
      "version": "9.0.0",
      "resolved": "https://registry.npmjs.org/bignumber.js/-/bignumber.js-9.0.0.tgz",
      "integrity": "sha512-t/OYhhJ2SD+YGBQcjY8GzzDHEk9f3nerxjtfa6tlMXfe7frs/WozhvCNoGvpM0P3bNf3Gq5ZRMlGr5f3r4/N8A=="
    },
    "body-parser": {
      "version": "1.19.0",
      "resolved": "https://registry.npmjs.org/body-parser/-/body-parser-1.19.0.tgz",
      "integrity": "sha512-dhEPs72UPbDnAQJ9ZKMNTP6ptJaionhP5cBb541nXPlW60Jepo9RV/a4fX4XWW9CuFNK22krhrj1+rgzifNCsw==",
      "requires": {
        "bytes": "3.1.0",
        "content-type": "~1.0.4",
        "debug": "2.6.9",
        "depd": "~1.1.2",
        "http-errors": "1.7.2",
        "iconv-lite": "0.4.24",
        "on-finished": "~2.3.0",
        "qs": "6.7.0",
        "raw-body": "2.4.0",
        "type-is": "~1.6.17"
      }
    },
    "browserslist": {
      "version": "4.16.6",
      "resolved": "https://registry.nlark.com/browserslist/download/browserslist-4.16.6.tgz?cache=0&sync_timestamp=1619789101558&other_urls=https%3A%2F%2Fregistry.nlark.com%2Fbrowserslist%2Fdownload%2Fbrowserslist-4.16.6.tgz",
      "integrity": "sha1-15ASd6WojlVO0wWxg+ybDAj2b6I=",
      "dev": true,
      "requires": {
        "caniuse-lite": "^1.0.30001219",
        "colorette": "^1.2.2",
        "electron-to-chromium": "^1.3.723",
        "escalade": "^3.1.1",
        "node-releases": "^1.1.71"
      }
    },
    "buffer-from": {
      "version": "1.1.1",
      "resolved": "https://registry.npm.taobao.org/buffer-from/download/buffer-from-1.1.1.tgz",
      "integrity": "sha1-MnE7wCj3XAL9txDXx7zsHyxgcO8=",
      "dev": true
    },
    "bytes": {
      "version": "3.1.0",
      "resolved": "https://registry.npmjs.org/bytes/-/bytes-3.1.0.tgz",
      "integrity": "sha512-zauLjrfCG+xvoyaqLoV8bLVXXNGC4JqlxFCutSDWA6fJrTo2ZuvLYTqZ7aHBLZSMOopbzwv8f+wZcVzfVTI2Dg=="
    },
    "caniuse-lite": {
      "version": "1.0.30001245",
      "resolved": "https://registry.nlark.com/caniuse-lite/download/caniuse-lite-1.0.30001245.tgz?cache=0&sync_timestamp=1626238798411&other_urls=https%3A%2F%2Fregistry.nlark.com%2Fcaniuse-lite%2Fdownload%2Fcaniuse-lite-1.0.30001245.tgz",
      "integrity": "sha1-RblBu9gzyw+lOGH/K650azxspdQ=",
      "dev": true
    },
    "chrome-trace-event": {
      "version": "1.0.3",
      "resolved": "https://registry.nlark.com/chrome-trace-event/download/chrome-trace-event-1.0.3.tgz",
      "integrity": "sha1-EBXs7UdB4V0GZkqVfbv1DQQeJqw=",
      "dev": true
    },
    "colorette": {
      "version": "1.2.2",
      "resolved": "https://registry.nlark.com/colorette/download/colorette-1.2.2.tgz",
      "integrity": "sha1-y8x51emcrqLb8Q6zom/Ys+as+pQ=",
      "dev": true
    },
    "commander": {
      "version": "2.20.3",
      "resolved": "https://registry.nlark.com/commander/download/commander-2.20.3.tgz?cache=0&sync_timestamp=1624609539421&other_urls=https%3A%2F%2Fregistry.nlark.com%2Fcommander%2Fdownload%2Fcommander-2.20.3.tgz",
      "integrity": "sha1-/UhehMA+tIgcIHIrpIA16FMa6zM=",
      "dev": true
    },
    "content-disposition": {
      "version": "0.5.3",
      "resolved": "https://registry.npmjs.org/content-disposition/-/content-disposition-0.5.3.tgz",
      "integrity": "sha512-ExO0774ikEObIAEV9kDo50o+79VCUdEB6n6lzKgGwupcVeRlhrj3qGAfwq8G6uBJjkqLrhT0qEYFcWng8z1z0g==",
      "requires": {
        "safe-buffer": "5.1.2"
      },
      "dependencies": {
        "safe-buffer": {
          "version": "5.1.2",
          "resolved": "https://registry.npmjs.org/safe-buffer/-/safe-buffer-5.1.2.tgz",
          "integrity": "sha512-Gd2UZBJDkXlY7GbJxfsE8/nvKkUEU1G38c1siN6QP6a9PT9MmHB8GnpscSmMJSoF8LOIrt8ud/wPtojys4G6+g=="
        }
      }
    },
    "content-type": {
      "version": "1.0.4",
      "resolved": "https://registry.npmjs.org/content-type/-/content-type-1.0.4.tgz",
      "integrity": "sha512-hIP3EEPs8tB9AT1L+NUqtwOAps4mk2Zob89MWXMHjHWg9milF/j4osnnQLXBCBFBk/tvIG/tUc9mOUJiPBhPXA=="
    },
    "cookie": {
      "version": "0.4.0",
      "resolved": "https://registry.npmjs.org/cookie/-/cookie-0.4.0.tgz",
      "integrity": "sha512-+Hp8fLp57wnUSt0tY0tHEXh4voZRDnoIrZPqlo3DPiI4y9lwg/jqx+1Om94/W6ZaPDOUbnjOt/99w66zk+l1Xg=="
    },
    "cookie-signature": {
      "version": "1.0.6",
      "resolved": "https://registry.npmjs.org/cookie-signature/-/cookie-signature-1.0.6.tgz",
      "integrity": "sha1-4wOogrNCzD7oylE6eZmXNNqzriw="
    },
    "core-util-is": {
      "version": "1.0.2",
      "resolved": "https://registry.npmjs.org/core-util-is/-/core-util-is-1.0.2.tgz",
      "integrity": "sha1-tf1UIgqivFq1eqtxQMlAdUUDwac="
    },
    "cors": {
      "version": "2.8.5",
      "resolved": "https://registry.npmjs.org/cors/-/cors-2.8.5.tgz",
      "integrity": "sha512-KIHbLJqu73RGr/hnbrO9uBeixNGuvSQjul/jdFvS/KFSIH1hWVd1ng7zOHx+YrEfInLG7q4n6GHQ9cDtxv/P6g==",
      "requires": {
        "object-assign": "^4",
        "vary": "^1"
      }
    },
    "debug": {
      "version": "2.6.9",
      "resolved": "https://registry.npmjs.org/debug/-/debug-2.6.9.tgz",
      "integrity": "sha512-bC7ElrdJaJnPbAP+1EotYvqZsb3ecl5wi6Bfi6BJTUcNowp6cvspg0jXznRTKDjm/E7AdgFBVeAPVMNcKGsHMA==",
      "requires": {
        "ms": "2.0.0"
      }
    },
    "depd": {
      "version": "1.1.2",
      "resolved": "https://registry.npmjs.org/depd/-/depd-1.1.2.tgz",
      "integrity": "sha1-m81S4UwJd2PnSbJ0xDRu0uVgtak="
    },
    "destroy": {
      "version": "1.0.4",
      "resolved": "https://registry.npmjs.org/destroy/-/destroy-1.0.4.tgz",
      "integrity": "sha1-l4hXRCxEdJ5CBmE+N5RiBYJqvYA="
    },
    "ee-first": {
      "version": "1.1.1",
      "resolved": "https://registry.npmjs.org/ee-first/-/ee-first-1.1.1.tgz",
      "integrity": "sha1-WQxhFWsK4vTwJVcyoViyZrxWsh0="
    },
    "electron-to-chromium": {
      "version": "1.3.781",
      "resolved": "https://registry.nlark.com/electron-to-chromium/download/electron-to-chromium-1.3.781.tgz",
      "integrity": "sha1-rrVFle3ArlZyH/ZCj/60yIXAnlc=",
      "dev": true
    },
    "encodeurl": {
      "version": "1.0.2",
      "resolved": "https://registry.npmjs.org/encodeurl/-/encodeurl-1.0.2.tgz",
      "integrity": "sha1-rT/0yG7C0CkyL1oCw6mmBslbP1k="
    },
    "enhanced-resolve": {
      "version": "5.8.2",
      "resolved": "https://registry.nlark.com/enhanced-resolve/download/enhanced-resolve-5.8.2.tgz?cache=0&sync_timestamp=1620663202047&other_urls=https%3A%2F%2Fregistry.nlark.com%2Fenhanced-resolve%2Fdownload%2Fenhanced-resolve-5.8.2.tgz",
      "integrity": "sha1-Fd3HeTRcu3PpfGEc0AwBwee/TYs=",
      "dev": true,
      "requires": {
        "graceful-fs": "^4.2.4",
        "tapable": "^2.2.0"
      }
    },
    "es-module-lexer": {
      "version": "0.7.1",
      "resolved": "https://registry.nlark.com/es-module-lexer/download/es-module-lexer-0.7.1.tgz?cache=0&sync_timestamp=1625523919137&other_urls=https%3A%2F%2Fregistry.nlark.com%2Fes-module-lexer%2Fdownload%2Fes-module-lexer-0.7.1.tgz",
      "integrity": "sha1-wsjg9G8t8GJ0za8N0/OzPgoLJn0=",
      "dev": true
    },
    "escalade": {
      "version": "3.1.1",
      "resolved": "https://registry.nlark.com/escalade/download/escalade-3.1.1.tgz",
      "integrity": "sha1-2M/ccACWXFoBdLSoLqpcBVJ0LkA=",
      "dev": true
    },
    "escape-html": {
      "version": "1.0.3",
      "resolved": "https://registry.npmjs.org/escape-html/-/escape-html-1.0.3.tgz",
      "integrity": "sha1-Aljq5NPQwJdN4cFpGI7wBR0dGYg="
    },
    "eslint-scope": {
      "version": "5.1.1",
      "resolved": "https://registry.nlark.com/eslint-scope/download/eslint-scope-5.1.1.tgz",
      "integrity": "sha1-54blmmbLkrP2wfsNUIqrF0hI9Iw=",
      "dev": true,
      "requires": {
        "esrecurse": "^4.3.0",
        "estraverse": "^4.1.1"
      }
    },
    "esrecurse": {
      "version": "4.3.0",
      "resolved": "https://registry.nlark.com/esrecurse/download/esrecurse-4.3.0.tgz",
      "integrity": "sha1-eteWTWeauyi+5yzsY3WLHF0smSE=",
      "dev": true,
      "requires": {
        "estraverse": "^5.2.0"
      },
      "dependencies": {
        "estraverse": {
          "version": "5.2.0",
          "resolved": "https://registry.nlark.com/estraverse/download/estraverse-5.2.0.tgz",
          "integrity": "sha1-MH30JUfmzHMk088DwVXVzbjFOIA=",
          "dev": true
        }
      }
    },
    "estraverse": {
      "version": "4.3.0",
      "resolved": "https://registry.nlark.com/estraverse/download/estraverse-4.3.0.tgz",
      "integrity": "sha1-OYrT88WiSUi+dyXoPRGn3ijNvR0=",
      "dev": true
    },
    "etag": {
      "version": "1.8.1",
      "resolved": "https://registry.npmjs.org/etag/-/etag-1.8.1.tgz",
      "integrity": "sha1-Qa4u62XvpiJorr/qg6x9eSmbCIc="
    },
    "events": {
      "version": "3.3.0",
      "resolved": "https://registry.nlark.com/events/download/events-3.3.0.tgz",
      "integrity": "sha1-Mala0Kkk4tLEGagTrrLE6HjqdAA=",
      "dev": true
    },
    "express": {
      "version": "4.17.1",
      "resolved": "https://registry.npmjs.org/express/-/express-4.17.1.tgz",
      "integrity": "sha512-mHJ9O79RqluphRrcw2X/GTh3k9tVv8YcoyY4Kkh4WDMUYKRZUq0h1o0w2rrrxBqM7VoeUVqgb27xlEMXTnYt4g==",
      "requires": {
        "accepts": "~1.3.7",
        "array-flatten": "1.1.1",
        "body-parser": "1.19.0",
        "content-disposition": "0.5.3",
        "content-type": "~1.0.4",
        "cookie": "0.4.0",
        "cookie-signature": "1.0.6",
        "debug": "2.6.9",
        "depd": "~1.1.2",
        "encodeurl": "~1.0.2",
        "escape-html": "~1.0.3",
        "etag": "~1.8.1",
        "finalhandler": "~1.1.2",
        "fresh": "0.5.2",
        "merge-descriptors": "1.0.1",
        "methods": "~1.1.2",
        "on-finished": "~2.3.0",
        "parseurl": "~1.3.3",
        "path-to-regexp": "0.1.7",
        "proxy-addr": "~2.0.5",
        "qs": "6.7.0",
        "range-parser": "~1.2.1",
        "safe-buffer": "5.1.2",
        "send": "0.17.1",
        "serve-static": "1.14.1",
        "setprototypeof": "1.1.1",
        "statuses": "~1.5.0",
        "type-is": "~1.6.18",
        "utils-merge": "1.0.1",
        "vary": "~1.1.2"
      },
      "dependencies": {
        "safe-buffer": {
          "version": "5.1.2",
          "resolved": "https://registry.npmjs.org/safe-buffer/-/safe-buffer-5.1.2.tgz",
          "integrity": "sha512-Gd2UZBJDkXlY7GbJxfsE8/nvKkUEU1G38c1siN6QP6a9PT9MmHB8GnpscSmMJSoF8LOIrt8ud/wPtojys4G6+g=="
        }
      }
    },
    "fast-deep-equal": {
      "version": "3.1.3",
      "resolved": "https://registry.npm.taobao.org/fast-deep-equal/download/fast-deep-equal-3.1.3.tgz",
      "integrity": "sha1-On1WtVnWy8PrUSMlJE5hmmXGxSU=",
      "dev": true
    },
    "fast-json-stable-stringify": {
      "version": "2.1.0",
      "resolved": "https://registry.nlark.com/fast-json-stable-stringify/download/fast-json-stable-stringify-2.1.0.tgz",
      "integrity": "sha1-h0v2nG9ATCtdmcSBNBOZ/VWJJjM=",
      "dev": true
    },
    "finalhandler": {
      "version": "1.1.2",
      "resolved": "https://registry.npmjs.org/finalhandler/-/finalhandler-1.1.2.tgz",
      "integrity": "sha512-aAWcW57uxVNrQZqFXjITpW3sIUQmHGG3qSb9mUah9MgMC4NeWhNOlNjXEYq3HjRAvL6arUviZGGJsBg6z0zsWA==",
      "requires": {
        "debug": "2.6.9",
        "encodeurl": "~1.0.2",
        "escape-html": "~1.0.3",
        "on-finished": "~2.3.0",
        "parseurl": "~1.3.3",
        "statuses": "~1.5.0",
        "unpipe": "~1.0.0"
      }
    },
    "forwarded": {
      "version": "0.2.0",
      "resolved": "https://registry.npmjs.org/forwarded/-/forwarded-0.2.0.tgz",
      "integrity": "sha512-buRG0fpBtRHSTCOASe6hD258tEubFoRLb4ZNA6NxMVHNw2gOcwHo9wyablzMzOA5z9xA9L1KNjk/Nt6MT9aYow=="
    },
    "fresh": {
      "version": "0.5.2",
      "resolved": "https://registry.npmjs.org/fresh/-/fresh-0.5.2.tgz",
      "integrity": "sha1-PYyt2Q2XZWn6g1qx+OSyOhBWBac="
    },
    "glob-to-regexp": {
      "version": "0.4.1",
      "resolved": "https://registry.npm.taobao.org/glob-to-regexp/download/glob-to-regexp-0.4.1.tgz",
      "integrity": "sha1-x1KXCHyFG5pXi9IX3VmpL1n+VG4=",
      "dev": true
    },
    "graceful-fs": {
      "version": "4.2.6",
      "resolved": "https://registry.npm.taobao.org/graceful-fs/download/graceful-fs-4.2.6.tgz",
      "integrity": "sha1-/wQLKwhTsjw9MQJ1I3BvGIXXa+4=",
      "dev": true
    },
    "has-flag": {
      "version": "4.0.0",
      "resolved": "https://registry.nlark.com/has-flag/download/has-flag-4.0.0.tgz",
      "integrity": "sha1-lEdx/ZyByBJlxNaUGGDaBrtZR5s=",
      "dev": true
    },
    "http-errors": {
      "version": "1.7.2",
      "resolved": "https://registry.npmjs.org/http-errors/-/http-errors-1.7.2.tgz",
      "integrity": "sha512-uUQBt3H/cSIVfch6i1EuPNy/YsRSOUBXTVfZ+yR7Zjez3qjBz6i9+i4zjNaoqcoFVI4lQJ5plg63TvGfRSDCRg==",
      "requires": {
        "depd": "~1.1.2",
        "inherits": "2.0.3",
        "setprototypeof": "1.1.1",
        "statuses": ">= 1.5.0 < 2",
        "toidentifier": "1.0.0"
      }
    },
    "iconv-lite": {
      "version": "0.4.24",
      "resolved": "https://registry.npmjs.org/iconv-lite/-/iconv-lite-0.4.24.tgz",
      "integrity": "sha512-v3MXnZAcvnywkTUEZomIActle7RXXeedOR31wwl7VlyoXO4Qi9arvSenNQWne1TcRwhCL1HwLI21bEqdpj8/rA==",
      "requires": {
        "safer-buffer": ">= 2.1.2 < 3"
      }
    },
    "inherits": {
      "version": "2.0.3",
      "resolved": "https://registry.npmjs.org/inherits/-/inherits-2.0.3.tgz",
      "integrity": "sha1-Yzwsg+PaQqUC9SRmAiSA9CCCYd4="
    },
    "ipaddr.js": {
      "version": "1.9.1",
      "resolved": "https://registry.npmjs.org/ipaddr.js/-/ipaddr.js-1.9.1.tgz",
      "integrity": "sha512-0KI/607xoxSToH7GjN1FfSbLoU0+btTicjsQSWQlh/hZykN8KpmMf7uYwPW3R+akZ6R/w18ZlXSHBYXiYUPO3g=="
    },
    "isarray": {
      "version": "1.0.0",
      "resolved": "https://registry.npmjs.org/isarray/-/isarray-1.0.0.tgz",
      "integrity": "sha1-u5NdSFgsuhaMBoNJV6VKPgcSTxE="
    },
    "jest-worker": {
      "version": "27.0.6",
      "resolved": "https://registry.nlark.com/jest-worker/download/jest-worker-27.0.6.tgz",
      "integrity": "sha1-pf2x4UrTTrIoz+Fi2fcpzb+iiu0=",
      "dev": true,
      "requires": {
        "@types/node": "*",
        "merge-stream": "^2.0.0",
        "supports-color": "^8.0.0"
      }
    },
    "json-parse-better-errors": {
      "version": "1.0.2",
      "resolved": "https://registry.npm.taobao.org/json-parse-better-errors/download/json-parse-better-errors-1.0.2.tgz",
      "integrity": "sha1-u4Z8+zRQ5pEHwTHRxRS6s9yLyqk=",
      "dev": true
    },
    "json-schema-traverse": {
      "version": "0.4.1",
      "resolved": "https://registry.npm.taobao.org/json-schema-traverse/download/json-schema-traverse-0.4.1.tgz",
      "integrity": "sha1-afaofZUTq4u4/mO9sJecRI5oRmA=",
      "dev": true
    },
    "loader-runner": {
      "version": "4.2.0",
      "resolved": "https://registry.nlark.com/loader-runner/download/loader-runner-4.2.0.tgz",
      "integrity": "sha1-1wIjgNZtFMX7HUlriYZOvP1Hg4Q=",
      "dev": true
    },
    "media-typer": {
      "version": "0.3.0",
      "resolved": "https://registry.npmjs.org/media-typer/-/media-typer-0.3.0.tgz",
      "integrity": "sha1-hxDXrwqmJvj/+hzgAWhUUmMlV0g="
    },
    "merge-descriptors": {
      "version": "1.0.1",
      "resolved": "https://registry.npmjs.org/merge-descriptors/-/merge-descriptors-1.0.1.tgz",
      "integrity": "sha1-sAqqVW3YtEVoFQ7J0blT8/kMu2E="
    },
    "merge-stream": {
      "version": "2.0.0",
      "resolved": "https://registry.npm.taobao.org/merge-stream/download/merge-stream-2.0.0.tgz",
      "integrity": "sha1-UoI2KaFN0AyXcPtq1H3GMQ8sH2A=",
      "dev": true
    },
    "methods": {
      "version": "1.1.2",
      "resolved": "https://registry.npmjs.org/methods/-/methods-1.1.2.tgz",
      "integrity": "sha1-VSmk1nZUE07cxSZmVoNbD4Ua/O4="
    },
    "mime": {
      "version": "1.6.0",
      "resolved": "https://registry.npmjs.org/mime/-/mime-1.6.0.tgz",
      "integrity": "sha512-x0Vn8spI+wuJ1O6S7gnbaQg8Pxh4NNHb7KSINmEWKiPE4RKOplvijn+NkmYmmRgP68mc70j2EbeTFRsrswaQeg=="
    },
    "mime-db": {
      "version": "1.48.0",
      "resolved": "https://registry.nlark.com/mime-db/download/mime-db-1.48.0.tgz?cache=0&sync_timestamp=1622433556078&other_urls=https%3A%2F%2Fregistry.nlark.com%2Fmime-db%2Fdownload%2Fmime-db-1.48.0.tgz",
      "integrity": "sha1-41sxBF3X6to6qtU37YijOvvvLR0="
    },
    "mime-types": {
      "version": "2.1.31",
      "resolved": "https://registry.nlark.com/mime-types/download/mime-types-2.1.31.tgz?cache=0&sync_timestamp=1622569162264&other_urls=https%3A%2F%2Fregistry.nlark.com%2Fmime-types%2Fdownload%2Fmime-types-2.1.31.tgz",
      "integrity": "sha1-oA12t0MXxh+cLbIhi46fjpxcnms=",
      "requires": {
        "mime-db": "1.48.0"
      }
    },
    "moment": {
      "version": "2.29.1",
      "resolved": "https://registry.npm.taobao.org/moment/download/moment-2.29.1.tgz?cache=0&sync_timestamp=1601983320283&other_urls=https%3A%2F%2Fregistry.npm.taobao.org%2Fmoment%2Fdownload%2Fmoment-2.29.1.tgz",
      "integrity": "sha1-sr52n6MZQL6e7qZGnAdeNQBvo9M="
    },
    "ms": {
      "version": "2.0.0",
      "resolved": "https://registry.npmjs.org/ms/-/ms-2.0.0.tgz",
      "integrity": "sha1-VgiurfwAvmwpAd9fmGF4jeDVl8g="
    },
    "mysql": {
      "version": "2.18.1",
      "resolved": "https://registry.npmjs.org/mysql/-/mysql-2.18.1.tgz",
      "integrity": "sha512-Bca+gk2YWmqp2Uf6k5NFEurwY/0td0cpebAucFpY/3jhrwrVGuxU2uQFCHjU19SJfje0yQvi+rVWdq78hR5lig==",
      "requires": {
        "bignumber.js": "9.0.0",
        "readable-stream": "2.3.7",
        "safe-buffer": "5.1.2",
        "sqlstring": "2.3.1"
      },
      "dependencies": {
        "safe-buffer": {
          "version": "5.1.2",
          "resolved": "https://registry.npmjs.org/safe-buffer/-/safe-buffer-5.1.2.tgz",
          "integrity": "sha512-Gd2UZBJDkXlY7GbJxfsE8/nvKkUEU1G38c1siN6QP6a9PT9MmHB8GnpscSmMJSoF8LOIrt8ud/wPtojys4G6+g=="
        }
      }
    },
    "negotiator": {
      "version": "0.6.2",
      "resolved": "https://registry.npmjs.org/negotiator/-/negotiator-0.6.2.tgz",
      "integrity": "sha512-hZXc7K2e+PgeI1eDBe/10Ard4ekbfrrqG8Ep+8Jmf4JID2bNg7NvCPOZN+kfF574pFQI7mum2AUqDidoKqcTOw=="
    },
    "neo-async": {
      "version": "2.6.2",
      "resolved": "https://registry.nlark.com/neo-async/download/neo-async-2.6.2.tgz",
      "integrity": "sha1-tKr7k+OustgXTKU88WOrfXMIMF8=",
      "dev": true
    },
    "node-releases": {
      "version": "1.1.73",
      "resolved": "https://registry.nlark.com/node-releases/download/node-releases-1.1.73.tgz",
      "integrity": "sha1-3U6B3dUnf/hGuAtSu0DEnt96eyA=",
      "dev": true
    },
    "object-assign": {
      "version": "4.1.1",
      "resolved": "https://registry.npmjs.org/object-assign/-/object-assign-4.1.1.tgz",
      "integrity": "sha1-IQmtx5ZYh8/AXLvUQsrIv7s2CGM="
    },
    "on-finished": {
      "version": "2.3.0",
      "resolved": "https://registry.npmjs.org/on-finished/-/on-finished-2.3.0.tgz",
      "integrity": "sha1-IPEzZIGwg811M3mSoWlxqi2QaUc=",
      "requires": {
        "ee-first": "1.1.1"
      }
    },
    "p-limit": {
      "version": "3.1.0",
      "resolved": "https://registry.npm.taobao.org/p-limit/download/p-limit-3.1.0.tgz?cache=0&sync_timestamp=1606288352885&other_urls=https%3A%2F%2Fregistry.npm.taobao.org%2Fp-limit%2Fdownload%2Fp-limit-3.1.0.tgz",
      "integrity": "sha1-4drMvnjQ0TiMoYxk/qOOPlfjcGs=",
      "dev": true,
      "requires": {
        "yocto-queue": "^0.1.0"
      }
    },
    "parseurl": {
      "version": "1.3.3",
      "resolved": "https://registry.npmjs.org/parseurl/-/parseurl-1.3.3.tgz",
      "integrity": "sha512-CiyeOxFT/JZyN5m0z9PfXw4SCBJ6Sygz1Dpl0wqjlhDEGGBP1GnsUVEL0p63hoG1fcj3fHynXi9NYO4nWOL+qQ=="
    },
    "path-to-regexp": {
      "version": "0.1.7",
      "resolved": "https://registry.npmjs.org/path-to-regexp/-/path-to-regexp-0.1.7.tgz",
      "integrity": "sha1-32BBeABfUi8V60SQ5yR6G/qmf4w="
    },
    "process-nextick-args": {
      "version": "2.0.1",
      "resolved": "https://registry.npmjs.org/process-nextick-args/-/process-nextick-args-2.0.1.tgz",
      "integrity": "sha512-3ouUOpQhtgrbOa17J7+uxOTpITYWaGP7/AhoR3+A+/1e9skrzelGi/dXzEYyvbxubEF6Wn2ypscTKiKJFFn1ag=="
    },
    "proxy-addr": {
      "version": "2.0.7",
      "resolved": "https://registry.npmjs.org/proxy-addr/-/proxy-addr-2.0.7.tgz",
      "integrity": "sha512-llQsMLSUDUPT44jdrU/O37qlnifitDP+ZwrmmZcoSKyLKvtZxpyV0n2/bD/N4tBAAZ/gJEdZU7KMraoK1+XYAg==",
      "requires": {
        "forwarded": "0.2.0",
        "ipaddr.js": "1.9.1"
      }
    },
    "punycode": {
      "version": "2.1.1",
      "resolved": "https://registry.nlark.com/punycode/download/punycode-2.1.1.tgz",
      "integrity": "sha1-tYsBCsQMIsVldhbI0sLALHv0eew=",
      "dev": true
    },
    "qs": {
      "version": "6.7.0",
      "resolved": "https://registry.npmjs.org/qs/-/qs-6.7.0.tgz",
      "integrity": "sha512-VCdBRNFTX1fyE7Nb6FYoURo/SPe62QCaAyzJvUjwRaIsc+NePBEniHlvxFmmX56+HZphIGtV0XeCirBtpDrTyQ=="
    },
    "randombytes": {
      "version": "2.1.0",
      "resolved": "https://registry.npm.taobao.org/randombytes/download/randombytes-2.1.0.tgz",
      "integrity": "sha1-32+ENy8CcNxlzfYpE0mrekc9Tyo=",
      "dev": true,
      "requires": {
        "safe-buffer": "^5.1.0"
      }
    },
    "range-parser": {
      "version": "1.2.1",
      "resolved": "https://registry.npmjs.org/range-parser/-/range-parser-1.2.1.tgz",
      "integrity": "sha512-Hrgsx+orqoygnmhFbKaHE6c296J+HTAQXoxEF6gNupROmmGJRoyzfG3ccAveqCBrwr/2yxQ5BVd/GTl5agOwSg=="
    },
    "raw-body": {
      "version": "2.4.0",
      "resolved": "https://registry.npmjs.org/raw-body/-/raw-body-2.4.0.tgz",
      "integrity": "sha512-4Oz8DUIwdvoa5qMJelxipzi/iJIi40O5cGV1wNYp5hvZP8ZN0T+jiNkL0QepXs+EsQ9XJ8ipEDoiH70ySUJP3Q==",
      "requires": {
        "bytes": "3.1.0",
        "http-errors": "1.7.2",
        "iconv-lite": "0.4.24",
        "unpipe": "1.0.0"
      }
    },
    "readable-stream": {
      "version": "2.3.7",
      "resolved": "https://registry.npmjs.org/readable-stream/-/readable-stream-2.3.7.tgz",
      "integrity": "sha512-Ebho8K4jIbHAxnuxi7o42OrZgF/ZTNcsZj6nRKyUmkhLFq8CHItp/fy6hQZuZmP/n3yZ9VBUbp4zz/mX8hmYPw==",
      "requires": {
        "core-util-is": "~1.0.0",
        "inherits": "~2.0.3",
        "isarray": "~1.0.0",
        "process-nextick-args": "~2.0.0",
        "safe-buffer": "~5.1.1",
        "string_decoder": "~1.1.1",
        "util-deprecate": "~1.0.1"
      },
      "dependencies": {
        "safe-buffer": {
          "version": "5.1.2",
          "resolved": "https://registry.npmjs.org/safe-buffer/-/safe-buffer-5.1.2.tgz",
          "integrity": "sha512-Gd2UZBJDkXlY7GbJxfsE8/nvKkUEU1G38c1siN6QP6a9PT9MmHB8GnpscSmMJSoF8LOIrt8ud/wPtojys4G6+g=="
        }
      }
    },
    "safe-buffer": {
      "version": "5.2.1",
      "resolved": "https://registry.nlark.com/safe-buffer/download/safe-buffer-5.2.1.tgz",
      "integrity": "sha1-Hq+fqb2x/dTsdfWPnNtOa3gn7sY=",
      "dev": true
    },
    "safer-buffer": {
      "version": "2.1.2",
      "resolved": "https://registry.npmjs.org/safer-buffer/-/safer-buffer-2.1.2.tgz",
      "integrity": "sha512-YZo3K82SD7Riyi0E1EQPojLz7kpepnSQI9IyPbHHg1XXXevb5dJI7tpyN2ADxGcQbHG7vcyRHk0cbwqcQriUtg=="
    },
    "schema-utils": {
      "version": "3.1.1",
      "resolved": "https://registry.nlark.com/schema-utils/download/schema-utils-3.1.1.tgz?cache=0&sync_timestamp=1626694740261&other_urls=https%3A%2F%2Fregistry.nlark.com%2Fschema-utils%2Fdownload%2Fschema-utils-3.1.1.tgz",
      "integrity": "sha1-vHTEtraZXB2I92qLd76nIZ4MgoE=",
      "dev": true,
      "requires": {
        "@types/json-schema": "^7.0.8",
        "ajv": "^6.12.5",
        "ajv-keywords": "^3.5.2"
      }
    },
    "send": {
      "version": "0.17.1",
      "resolved": "https://registry.npmjs.org/send/-/send-0.17.1.tgz",
      "integrity": "sha512-BsVKsiGcQMFwT8UxypobUKyv7irCNRHk1T0G680vk88yf6LBByGcZJOTJCrTP2xVN6yI+XjPJcNuE3V4fT9sAg==",
      "requires": {
        "debug": "2.6.9",
        "depd": "~1.1.2",
        "destroy": "~1.0.4",
        "encodeurl": "~1.0.2",
        "escape-html": "~1.0.3",
        "etag": "~1.8.1",
        "fresh": "0.5.2",
        "http-errors": "~1.7.2",
        "mime": "1.6.0",
        "ms": "2.1.1",
        "on-finished": "~2.3.0",
        "range-parser": "~1.2.1",
        "statuses": "~1.5.0"
      },
      "dependencies": {
        "ms": {
          "version": "2.1.1",
          "resolved": "https://registry.npmjs.org/ms/-/ms-2.1.1.tgz",
          "integrity": "sha512-tgp+dl5cGk28utYktBsrFqA7HKgrhgPsg6Z/EfhWI4gl1Hwq8B/GmY/0oXZ6nF8hDVesS/FpnYaD/kOWhYQvyg=="
        }
      }
    },
    "serialize-javascript": {
      "version": "6.0.0",
      "resolved": "https://registry.nlark.com/serialize-javascript/download/serialize-javascript-6.0.0.tgz",
      "integrity": "sha1-765diPRdeSQUHai1w6en5mP+/rg=",
      "dev": true,
      "requires": {
        "randombytes": "^2.1.0"
      }
    },
    "serve-static": {
      "version": "1.14.1",
      "resolved": "https://registry.npmjs.org/serve-static/-/serve-static-1.14.1.tgz",
      "integrity": "sha512-JMrvUwE54emCYWlTI+hGrGv5I8dEwmco/00EvkzIIsR7MqrHonbD9pO2MOfFnpFntl7ecpZs+3mW+XbQZu9QCg==",
      "requires": {
        "encodeurl": "~1.0.2",
        "escape-html": "~1.0.3",
        "parseurl": "~1.3.3",
        "send": "0.17.1"
      }
    },
    "setprototypeof": {
      "version": "1.1.1",
      "resolved": "https://registry.npmjs.org/setprototypeof/-/setprototypeof-1.1.1.tgz",
      "integrity": "sha512-JvdAWfbXeIGaZ9cILp38HntZSFSo3mWg6xGcJJsd+d4aRMOqauag1C63dJfDw7OaMYwEbHMOxEZ1lqVRYP2OAw=="
    },
    "source-list-map": {
      "version": "2.0.1",
      "resolved": "https://registry.npm.taobao.org/source-list-map/download/source-list-map-2.0.1.tgz",
      "integrity": "sha1-OZO9hzv8SEecyp6jpUeDXHwVSzQ=",
      "dev": true
    },
    "source-map": {
      "version": "0.6.1",
      "resolved": "https://registry.nlark.com/source-map/download/source-map-0.6.1.tgz?cache=0&other_urls=https%3A%2F%2Fregistry.nlark.com%2Fsource-map%2Fdownload%2Fsource-map-0.6.1.tgz",
      "integrity": "sha1-dHIq8y6WFOnCh6jQu95IteLxomM=",
      "dev": true
    },
    "source-map-support": {
      "version": "0.5.19",
      "resolved": "https://registry.nlark.com/source-map-support/download/source-map-support-0.5.19.tgz?cache=0&sync_timestamp=1618847050054&other_urls=https%3A%2F%2Fregistry.nlark.com%2Fsource-map-support%2Fdownload%2Fsource-map-support-0.5.19.tgz",
      "integrity": "sha1-qYti+G3K9PZzmWSMCFKRq56P7WE=",
      "dev": true,
      "requires": {
        "buffer-from": "^1.0.0",
        "source-map": "^0.6.0"
      }
    },
    "sqlstring": {
      "version": "2.3.1",
      "resolved": "https://registry.npmjs.org/sqlstring/-/sqlstring-2.3.1.tgz",
      "integrity": "sha1-R1OT/56RR5rqYtyvDKPRSYOn+0A="
    },
    "statuses": {
      "version": "1.5.0",
      "resolved": "https://registry.npmjs.org/statuses/-/statuses-1.5.0.tgz",
      "integrity": "sha1-Fhx9rBd2Wf2YEfQ3cfqZOBR4Yow="
    },
    "string_decoder": {
      "version": "1.1.1",
      "resolved": "https://registry.npmjs.org/string_decoder/-/string_decoder-1.1.1.tgz",
      "integrity": "sha512-n/ShnvDi6FHbbVfviro+WojiFzv+s8MPMHBczVePfUpDJLwoLT0ht1l4YwBCbi8pJAveEEdnkHyPyTP/mzRfwg==",
      "requires": {
        "safe-buffer": "~5.1.0"
      },
      "dependencies": {
        "safe-buffer": {
          "version": "5.1.2",
          "resolved": "https://registry.npmjs.org/safe-buffer/-/safe-buffer-5.1.2.tgz",
          "integrity": "sha512-Gd2UZBJDkXlY7GbJxfsE8/nvKkUEU1G38c1siN6QP6a9PT9MmHB8GnpscSmMJSoF8LOIrt8ud/wPtojys4G6+g=="
        }
      }
    },
    "supports-color": {
      "version": "8.1.1",
      "resolved": "https://registry.nlark.com/supports-color/download/supports-color-8.1.1.tgz?cache=0&sync_timestamp=1626703342506&other_urls=https%3A%2F%2Fregistry.nlark.com%2Fsupports-color%2Fdownload%2Fsupports-color-8.1.1.tgz",
      "integrity": "sha1-zW/BfihQDP9WwbhsCn/UpUpzAFw=",
      "dev": true,
      "requires": {
        "has-flag": "^4.0.0"
      }
    },
    "tapable": {
      "version": "2.2.0",
      "resolved": "https://registry.npm.taobao.org/tapable/download/tapable-2.2.0.tgz?cache=0&sync_timestamp=1607088902003&other_urls=https%3A%2F%2Fregistry.npm.taobao.org%2Ftapable%2Fdownload%2Ftapable-2.2.0.tgz",
      "integrity": "sha1-XDc9KB2cZyhIIT0OA30cQWWrQms=",
      "dev": true
    },
    "terser": {
      "version": "5.7.1",
      "resolved": "https://registry.nlark.com/terser/download/terser-5.7.1.tgz",
      "integrity": "sha1-LcemEAm2a7Y4MFyyqCR2OxFr94Q=",
      "dev": true,
      "requires": {
        "commander": "^2.20.0",
        "source-map": "~0.7.2",
        "source-map-support": "~0.5.19"
      },
      "dependencies": {
        "source-map": {
          "version": "0.7.3",
          "resolved": "https://registry.nlark.com/source-map/download/source-map-0.7.3.tgz?cache=0&other_urls=https%3A%2F%2Fregistry.nlark.com%2Fsource-map%2Fdownload%2Fsource-map-0.7.3.tgz",
          "integrity": "sha1-UwL4FpAxc1ImVECS5kmB91F1A4M=",
          "dev": true
        }
      }
    },
    "terser-webpack-plugin": {
      "version": "5.1.4",
      "resolved": "https://registry.nlark.com/terser-webpack-plugin/download/terser-webpack-plugin-5.1.4.tgz?cache=0&sync_timestamp=1624624550780&other_urls=https%3A%2F%2Fregistry.nlark.com%2Fterser-webpack-plugin%2Fdownload%2Fterser-webpack-plugin-5.1.4.tgz",
      "integrity": "sha1-w2nPikeqmSK9DYqU/j09oRp2eKE=",
      "dev": true,
      "requires": {
        "jest-worker": "^27.0.2",
        "p-limit": "^3.1.0",
        "schema-utils": "^3.0.0",
        "serialize-javascript": "^6.0.0",
        "source-map": "^0.6.1",
        "terser": "^5.7.0"
      }
    },
    "toidentifier": {
      "version": "1.0.0",
      "resolved": "https://registry.npmjs.org/toidentifier/-/toidentifier-1.0.0.tgz",
      "integrity": "sha512-yaOH/Pk/VEhBWWTlhI+qXxDFXlejDGcQipMlyxda9nthulaxLZUNcUqFxokp0vcYnvteJln5FNQDRrxj3YcbVw=="
    },
    "type-is": {
      "version": "1.6.18",
      "resolved": "https://registry.npmjs.org/type-is/-/type-is-1.6.18.tgz",
      "integrity": "sha512-TkRKr9sUTxEH8MdfuCSP7VizJyzRNMjj2J2do2Jr3Kym598JVdEksuzPQCnlFPW4ky9Q+iA+ma9BGm06XQBy8g==",
      "requires": {
        "media-typer": "0.3.0",
        "mime-types": "~2.1.24"
      }
    },
    "unpipe": {
      "version": "1.0.0",
      "resolved": "https://registry.npmjs.org/unpipe/-/unpipe-1.0.0.tgz",
      "integrity": "sha1-sr9O6FFKrmFltIF4KdIbLvSZBOw="
    },
    "uri-js": {
      "version": "4.4.1",
      "resolved": "https://registry.npm.taobao.org/uri-js/download/uri-js-4.4.1.tgz?cache=0&sync_timestamp=1610237517218&other_urls=https%3A%2F%2Fregistry.npm.taobao.org%2Furi-js%2Fdownload%2Furi-js-4.4.1.tgz",
      "integrity": "sha1-mxpSWVIlhZ5V9mnZKPiMbFfyp34=",
      "dev": true,
      "requires": {
        "punycode": "^2.1.0"
      }
    },
    "util-deprecate": {
      "version": "1.0.2",
      "resolved": "https://registry.npmjs.org/util-deprecate/-/util-deprecate-1.0.2.tgz",
      "integrity": "sha1-RQ1Nyfpw3nMnYvvS1KKJgUGaDM8="
    },
    "utils-merge": {
      "version": "1.0.1",
      "resolved": "https://registry.npmjs.org/utils-merge/-/utils-merge-1.0.1.tgz",
      "integrity": "sha1-n5VxD1CiZ5R7LMwSR0HBAoQn5xM="
    },
    "vary": {
      "version": "1.1.2",
      "resolved": "https://registry.npmjs.org/vary/-/vary-1.1.2.tgz",
      "integrity": "sha1-IpnwLG3tMNSllhsLn3RSShj2NPw="
    },
    "watchpack": {
      "version": "2.2.0",
      "resolved": "https://registry.nlark.com/watchpack/download/watchpack-2.2.0.tgz",
      "integrity": "sha1-R9ePVBX+VQ7NdA+Z/iiCMjpYsc4=",
      "dev": true,
      "requires": {
        "glob-to-regexp": "^0.4.1",
        "graceful-fs": "^4.1.2"
      }
    },
    "webpack": {
      "version": "5.45.1",
      "resolved": "https://registry.nlark.com/webpack/download/webpack-5.45.1.tgz",
      "integrity": "sha1-143L7aGKhy3GKwRV0+09z9HIhrs=",
      "dev": true,
      "requires": {
        "@types/eslint-scope": "^3.7.0",
        "@types/estree": "^0.0.50",
        "@webassemblyjs/ast": "1.11.1",
        "@webassemblyjs/wasm-edit": "1.11.1",
        "@webassemblyjs/wasm-parser": "1.11.1",
        "acorn": "^8.4.1",
        "browserslist": "^4.14.5",
        "chrome-trace-event": "^1.0.2",
        "enhanced-resolve": "^5.8.0",
        "es-module-lexer": "^0.7.1",
        "eslint-scope": "5.1.1",
        "events": "^3.2.0",
        "glob-to-regexp": "^0.4.1",
        "graceful-fs": "^4.2.4",
        "json-parse-better-errors": "^1.0.2",
        "loader-runner": "^4.2.0",
        "mime-types": "^2.1.27",
        "neo-async": "^2.6.2",
        "schema-utils": "^3.1.0",
        "tapable": "^2.1.1",
        "terser-webpack-plugin": "^5.1.3",
        "watchpack": "^2.2.0",
        "webpack-sources": "^2.3.0"
      }
    },
    "webpack-sources": {
      "version": "2.3.1",
      "resolved": "https://registry.nlark.com/webpack-sources/download/webpack-sources-2.3.1.tgz?cache=0&sync_timestamp=1626774627268&other_urls=https%3A%2F%2Fregistry.nlark.com%2Fwebpack-sources%2Fdownload%2Fwebpack-sources-2.3.1.tgz",
      "integrity": "sha1-Vw3grxY5Sf4nIjPCzv4bVvdFEf0=",
      "dev": true,
      "requires": {
        "source-list-map": "^2.0.1",
        "source-map": "^0.6.1"
      }
    },
    "yocto-queue": {
      "version": "0.1.0",
      "resolved": "https://registry.npm.taobao.org/yocto-queue/download/yocto-queue-0.1.0.tgz?cache=0&sync_timestamp=1606290282107&other_urls=https%3A%2F%2Fregistry.npm.taobao.org%2Fyocto-queue%2Fdownload%2Fyocto-queue-0.1.0.tgz",
      "integrity": "sha1-ApTrPe4FAo0x7hpfosVWpqrxChs=",
      "dev": true
    }
  }
}
